// !$*UTF8*$!
{
	archiveVersion = 1;
	classes = {
	};
	objectVersion = 77;
	objects = {

/* Begin PBXBuildFile section */
		75799C0C2ECB33DE0035CD48 /* OneSignal in Frameworks */ = {isa = PBXBuildFile; productRef = 75799C0B2ECB33DE0035CD48 /* OneSignal */; };
		75799C0E2ECB33DE0035CD48 /* OneSignalExtension in Frameworks */ = {isa = PBXBuildFile; productRef = 75799C0D2ECB33DE0035CD48 /* OneSignalExtension */; };
		75799C262ECB34990035CD48 /* PepperLast.swift in Sources */ = {isa = PBXBuildFile; fileRef = 75799C252ECB34990035CD48 /* PepperLast.swift */; };
		75799C282ECB34A50035CD48 /* CustomCarnaval.swift in Sources */ = {isa = PBXBuildFile; fileRef = 75799C272ECB34A50035CD48 /* CustomCarnaval.swift */; };
		75799C2A2ECB34AD0035CD48 /* PepperLoad.swift in Sources */ = {isa = PBXBuildFile; fileRef = 75799C292ECB34AD0035CD48 /* PepperLoad.swift */; };
		75799C2C2ECB34B90035CD48 /* CarnavalViewModel.swift in Sources */ = {isa = PBXBuildFile; fileRef = 75799C2B2ECB34B90035CD48 /* CarnavalViewModel.swift */; };
		75799C2E2ECB34C50035CD48 /* SecondPepperLoad.swift in Sources */ = {isa = PBXBuildFile; fileRef = 75799C2D2ECB34C50035CD48 /* SecondPepperLoad.swift */; };
/* End PBXBuildFile section */

/* Begin PBXCopyFilesBuildPhase section */
		75799C242ECB343E0035CD48 /* Embed Foundation Extensions */ = {
			isa = PBXCopyFilesBuildPhase;
			buildActionMask = 2147483647;
			dstPath = "";
			dstSubfolderSpec = 13;
			files = (
			);
			name = "Embed Foundation Extensions";
			runOnlyForDeploymentPostprocessing = 0;
		};
/* End PBXCopyFilesBuildPhase section */

/* Begin PBXFileReference section */
		75798FDD2EC396CE0035CD48 /* Pepperush.app */ = {isa = PBXFileReference; explicitFileType = wrapper.application; includeInIndex = 0; path = Pepperush.app; sourceTree = BUILT_PRODUCTS_DIR; };
		75799C252ECB34990035CD48 /* PepperLast.swift */ = {isa = PBXFileReference; lastKnownFileType = sourcecode.swift; path = PepperLast.swift; sourceTree = "<group>"; };
		75799C272ECB34A50035CD48 /* CustomCarnaval.swift */ = {isa = PBXFileReference; lastKnownFileType = sourcecode.swift; path = CustomCarnaval.swift; sourceTree = "<group>"; };
		75799C292ECB34AD0035CD48 /* PepperLoad.swift */ = {isa = PBXFileReference; lastKnownFileType = sourcecode.swift; path = PepperLoad.swift; sourceTree = "<group>"; };
		75799C2B2ECB34B90035CD48 /* CarnavalViewModel.swift */ = {isa = PBXFileReference; lastKnownFileType = sourcecode.swift; path = CarnavalViewModel.swift; sourceTree = "<group>"; };
		75799C2D2ECB34C50035CD48 /* SecondPepperLoad.swift */ = {isa = PBXFileReference; lastKnownFileType = sourcecode.swift; path = SecondPepperLoad.swift; sourceTree = "<group>"; };
/* End PBXFileReference section */

/* Begin PBXFileSystemSynchronizedBuildFileExceptionSet section */
		75799B8B2ECA71E10035CD48 /* Exceptions for "Pepperush" folder in "Pepperush" target */ = {
			isa = PBXFileSystemSynchronizedBuildFileExceptionSet;
			membershipExceptions = (
				Info.plist,
			);
			target = 75798FDC2EC396CE0035CD48 /* Pepperush */;
		};
/* End PBXFileSystemSynchronizedBuildFileExceptionSet section */

/* Begin PBXFileSystemSynchronizedRootGroup section */
		75798FDF2EC396CE0035CD48 /* Pepperush */ = {
			isa = PBXFileSystemSynchronizedRootGroup;
			exceptions = (
				75799B8B2ECA71E10035CD48 /* Exceptions for "Pepperush" folder in "Pepperush" target */,
			);
			path = Pepperush;
			sourceTree = "<group>";
		};
		75799C0F2ECB33E50035CD48 /* Core */ = {
			isa = PBXFileSystemSynchronizedRootGroup;
			path = Core;
			sourceTree = "<group>";
		};
/* End PBXFileSystemSynchronizedRootGroup section */

/* Begin PBXFrameworksBuildPhase section */
		75798FDA2EC396CE0035CD48 /* Frameworks */ = {
			isa = PBXFrameworksBuildPhase;
			buildActionMask = 2147483647;
			files = (
				75799C0C2ECB33DE0035CD48 /* OneSignal in Frameworks */,
				75799C0E2ECB33DE0035CD48 /* OneSignalExtension in Frameworks */,
			);
			runOnlyForDeploymentPostprocessing = 0;
		};
/* End PBXFrameworksBuildPhase section */

/* Begin PBXGroup section */
		75798FD42EC396CE0035CD48 = {
			isa = PBXGroup;
			children = (
				75799C0F2ECB33E50035CD48 /* Core */,
				75799B8C2ECB337D0035CD48 /* OnboardCore */,
				75798FDF2EC396CE0035CD48 /* Pepperush */,
				75798FDE2EC396CE0035CD48 /* Products */,
			);
			sourceTree = "<group>";
		};
		75798FDE2EC396CE0035CD48 /* Products */ = {
			isa = PBXGroup;
			children = (
				75798FDD2EC396CE0035CD48 /* Pepperush.app */,
			);
			name = Products;
			sourceTree = "<group>";
		};
		75799B8C2ECB337D0035CD48 /* OnboardCore */ = {
			isa = PBXGroup;
			children = (
				75799C252ECB34990035CD48 /* PepperLast.swift */,
				75799C272ECB34A50035CD48 /* CustomCarnaval.swift */,
				75799C292ECB34AD0035CD48 /* PepperLoad.swift */,
				75799C2B2ECB34B90035CD48 /* CarnavalViewModel.swift */,
				75799C2D2ECB34C50035CD48 /* SecondPepperLoad.swift */,
			);
			path = OnboardCore;
			sourceTree = "<group>";
		};
/* End PBXGroup section */

/* Begin PBXNativeTarget section */
		75798FDC2EC396CE0035CD48 /* Pepperush */ = {
			isa = PBXNativeTarget;
			buildConfigurationList = 75798FE82EC396CF0035CD48 /* Build configuration list for PBXNativeTarget "Pepperush" */;
			buildPhases = (
				75798FD92EC396CE0035CD48 /* Sources */,
				75798FDA2EC396CE0035CD48 /* Frameworks */,
				75798FDB2EC396CE0035CD48 /* Resources */,
				75799C242ECB343E0035CD48 /* Embed Foundation Extensions */,
			);
			buildRules = (
			);
			dependencies = (
			);
			fileSystemSynchronizedGroups = (
				75798FDF2EC396CE0035CD48 /* Pepperush */,
				75799C0F2ECB33E50035CD48 /* Core */,
			);
			name = Pepperush;
			packageProductDependencies = (
				75799C0B2ECB33DE0035CD48 /* OneSignal */,
				75799C0D2ECB33DE0035CD48 /* OneSignalExtension */,
			);
			productName = Pepperush;
			productReference = 75798FDD2EC396CE0035CD48 /* Pepperush.app */;
			productType = "com.apple.product-type.application";
		};
/* End PBXNativeTarget section */

/* Begin PBXProject section */
		75798FD52EC396CE0035CD48 /* Project object */ = {
			isa = PBXProject;
			attributes = {
				BuildIndependentTargetsInParallel = 1;
				LastSwiftUpdateCheck = 1630;
				LastUpgradeCheck = 1630;
				TargetAttributes = {
					75798FDC2EC396CE0035CD48 = {
						CreatedOnToolsVersion = 16.3;
					};
				};
			};
			buildConfigurationList = 75798FD82EC396CE0035CD48 /* Build configuration list for PBXProject "Pepperush" */;
			developmentRegion = en;
			hasScannedForEncodings = 0;
			knownRegions = (
				en,
				Base,
			);
			mainGroup = 75798FD42EC396CE0035CD48;
			minimizedProjectReferenceProxies = 1;
			packageReferences = (
				75799C0A2ECB33DE0035CD48 /* XCRemoteSwiftPackageReference "OneSignal-iOS-SDK" */,
			);
			preferredProjectObjectVersion = 77;
			productRefGroup = 75798FDE2EC396CE0035CD48 /* Products */;
			projectDirPath = "";
			projectRoot = "";
			targets = (
				75798FDC2EC396CE0035CD48 /* Pepperush */,
			);
		};
/* End PBXProject section */

/* Begin PBXResourcesBuildPhase section */
		75798FDB2EC396CE0035CD48 /* Resources */ = {
			isa = PBXResourcesBuildPhase;
			buildActionMask = 2147483647;
			files = (
			);
			runOnlyForDeploymentPostprocessing = 0;
		};
/* End PBXResourcesBuildPhase section */

/* Begin PBXSourcesBuildPhase section */
		75798FD92EC396CE0035CD48 /* Sources */ = {
			isa = PBXSourcesBuildPhase;
			buildActionMask = 2147483647;
			files = (
				75799C2C2ECB34B90035CD48 /* CarnavalViewModel.swift in Sources */,
				75799C282ECB34A50035CD48 /* CustomCarnaval.swift in Sources */,
				75799C262ECB34990035CD48 /* PepperLast.swift in Sources */,
				75799C2A2ECB34AD0035CD48 /* PepperLoad.swift in Sources */,
				75799C2E2ECB34C50035CD48 /* SecondPepperLoad.swift in Sources */,
			);
			runOnlyForDeploymentPostprocessing = 0;
		};
/* End PBXSourcesBuildPhase section */

/* Begin XCBuildConfiguration section */
		75798FE62EC396CF0035CD48 /* Debug */ = {
			isa = XCBuildConfiguration;
			buildSettings = {
				ALWAYS_SEARCH_USER_PATHS = NO;
				ASSETCATALOG_COMPILER_GENERATE_SWIFT_ASSET_SYMBOL_EXTENSIONS = YES;
				CLANG_ANALYZER_NONNULL = YES;
				CLANG_ANALYZER_NUMBER_OBJECT_CONVERSION = YES_AGGRESSIVE;
				CLANG_CXX_LANGUAGE_STANDARD = "gnu++20";
				CLANG_ENABLE_MODULES = YES;
				CLANG_ENABLE_OBJC_ARC = YES;
				CLANG_ENABLE_OBJC_WEAK = YES;
				CLANG_WARN_BLOCK_CAPTURE_AUTORELEASING = YES;
				CLANG_WARN_BOOL_CONVERSION = YES;
				CLANG_WARN_COMMA = YES;
				CLANG_WARN_CONSTANT_CONVERSION = YES;
				CLANG_WARN_DEPRECATED_OBJC_IMPLEMENTATIONS = YES;
				CLANG_WARN_DIRECT_OBJC_ISA_USAGE = YES_ERROR;
				CLANG_WARN_DOCUMENTATION_COMMENTS = YES;
				CLANG_WARN_EMPTY_BODY = YES;
				CLANG_WARN_ENUM_CONVERSION = YES;
				CLANG_WARN_INFINITE_RECURSION = YES;
				CLANG_WARN_INT_CONVERSION = YES;
				CLANG_WARN_NON_LITERAL_NULL_CONVERSION = YES;
				CLANG_WARN_OBJC_IMPLICIT_RETAIN_SELF = YES;
				CLANG_WARN_OBJC_LITERAL_CONVERSION = YES;
				CLANG_WARN_OBJC_ROOT_CLASS = YES_ERROR;
				CLANG_WARN_QUOTED_INCLUDE_IN_FRAMEWORK_HEADER = YES;
				CLANG_WARN_RANGE_LOOP_ANALYSIS = YES;
				CLANG_WARN_STRICT_PROTOTYPES = YES;
				CLANG_WARN_SUSPICIOUS_MOVE = YES;
				CLANG_WARN_UNGUARDED_AVAILABILITY = YES_AGGRESSIVE;
				CLANG_WARN_UNREACHABLE_CODE = YES;
				CLANG_WARN__DUPLICATE_METHOD_MATCH = YES;
				COPY_PHASE_STRIP = NO;
				DEBUG_INFORMATION_FORMAT = dwarf;
				ENABLE_STRICT_OBJC_MSGSEND = YES;
				ENABLE_TESTABILITY = YES;
				ENABLE_USER_SCRIPT_SANDBOXING = YES;
				GCC_C_LANGUAGE_STANDARD = gnu17;
				GCC_DYNAMIC_NO_PIC = NO;
				GCC_NO_COMMON_BLOCKS = YES;
				GCC_OPTIMIZATION_LEVEL = 0;
				GCC_PREPROCESSOR_DEFINITIONS = (
					"DEBUG=1",
					"$(inherited)",
				);
				GCC_WARN_64_TO_32_BIT_CONVERSION = YES;
				GCC_WARN_ABOUT_RETURN_TYPE = YES_ERROR;
				GCC_WARN_UNDECLARED_SELECTOR = YES;
				GCC_WARN_UNINITIALIZED_AUTOS = YES_AGGRESSIVE;
				GCC_WARN_UNUSED_FUNCTION = YES;
				GCC_WARN_UNUSED_VARIABLE = YES;
				IPHONEOS_DEPLOYMENT_TARGET = 18.4;
				LOCALIZATION_PREFERS_STRING_CATALOGS = YES;
				MTL_ENABLE_DEBUG_INFO = INCLUDE_SOURCE;
				MTL_FAST_MATH = YES;
				ONLY_ACTIVE_ARCH = YES;
				SDKROOT = iphoneos;
				SWIFT_ACTIVE_COMPILATION_CONDITIONS = "DEBUG $(inherited)";
				SWIFT_OPTIMIZATION_LEVEL = "-Onone";
			};
			name = Debug;
		};
		75798FE72EC396CF0035CD48 /* Release */ = {
			isa = XCBuildConfiguration;
			buildSettings = {
				ALWAYS_SEARCH_USER_PATHS = NO;
				ASSETCATALOG_COMPILER_GENERATE_SWIFT_ASSET_SYMBOL_EXTENSIONS = YES;
				CLANG_ANALYZER_NONNULL = YES;
				CLANG_ANALYZER_NUMBER_OBJECT_CONVERSION = YES_AGGRESSIVE;
				CLANG_CXX_LANGUAGE_STANDARD = "gnu++20";
				CLANG_ENABLE_MODULES = YES;
				CLANG_ENABLE_OBJC_ARC = YES;
				CLANG_ENABLE_OBJC_WEAK = YES;
				CLANG_WARN_BLOCK_CAPTURE_AUTORELEASING = YES;
				CLANG_WARN_BOOL_CONVERSION = YES;
				CLANG_WARN_COMMA = YES;
				CLANG_WARN_CONSTANT_CONVERSION = YES;
				CLANG_WARN_DEPRECATED_OBJC_IMPLEMENTATIONS = YES;
				CLANG_WARN_DIRECT_OBJC_ISA_USAGE = YES_ERROR;
				CLANG_WARN_DOCUMENTATION_COMMENTS = YES;
				CLANG_WARN_EMPTY_BODY = YES;
				CLANG_WARN_ENUM_CONVERSION = YES;
				CLANG_WARN_INFINITE_RECURSION = YES;
				CLANG_WARN_INT_CONVERSION = YES;
				CLANG_WARN_NON_LITERAL_NULL_CONVERSION = YES;
				CLANG_WARN_OBJC_IMPLICIT_RETAIN_SELF = YES;
				CLANG_WARN_OBJC_LITERAL_CONVERSION = YES;
				CLANG_WARN_OBJC_ROOT_CLASS = YES_ERROR;
				CLANG_WARN_QUOTED_INCLUDE_IN_FRAMEWORK_HEADER = YES;
				CLANG_WARN_RANGE_LOOP_ANALYSIS = YES;
				CLANG_WARN_STRICT_PROTOTYPES = YES;
				CLANG_WARN_SUSPICIOUS_MOVE = YES;
				CLANG_WARN_UNGUARDED_AVAILABILITY = YES_AGGRESSIVE;
				CLANG_WARN_UNREACHABLE_CODE = YES;
				CLANG_WARN__DUPLICATE_METHOD_MATCH = YES;
				COPY_PHASE_STRIP = NO;
				DEBUG_INFORMATION_FORMAT = "dwarf-with-dsym";
				ENABLE_NS_ASSERTIONS = NO;
				ENABLE_STRICT_OBJC_MSGSEND = YES;
				ENABLE_USER_SCRIPT_SANDBOXING = YES;
				GCC_C_LANGUAGE_STANDARD = gnu17;
				GCC_NO_COMMON_BLOCKS = YES;
				GCC_WARN_64_TO_32_BIT_CONVERSION = YES;
				GCC_WARN_ABOUT_RETURN_TYPE = YES_ERROR;
				GCC_WARN_UNDECLARED_SELECTOR = YES;
				GCC_WARN_UNINITIALIZED_AUTOS = YES_AGGRESSIVE;
				GCC_WARN_UNUSED_FUNCTION = YES;
				GCC_WARN_UNUSED_VARIABLE = YES;
				IPHONEOS_DEPLOYMENT_TARGET = 18.4;
				LOCALIZATION_PREFERS_STRING_CATALOGS = YES;
				MTL_ENABLE_DEBUG_INFO = NO;
				MTL_FAST_MATH = YES;
				SDKROOT = iphoneos;
				SWIFT_COMPILATION_MODE = wholemodule;
				VALIDATE_PRODUCT = YES;
			};
			name = Release;
		};
		75798FE92EC396CF0035CD48 /* Debug */ = {
			isa = XCBuildConfiguration;
			buildSettings = {
				ASSETCATALOG_COMPILER_APPICON_NAME = AppIcon;
				ASSETCATALOG_COMPILER_GLOBAL_ACCENT_COLOR_NAME = AccentColor;
				CODE_SIGN_ENTITLEMENTS = Pepperush/Pepperush.entitlements;
				CODE_SIGN_IDENTITY = "Apple Development";
				CODE_SIGN_STYLE = Automatic;
				CURRENT_PROJECT_VERSION = 3;
				DEVELOPMENT_TEAM = "";
				ENABLE_PREVIEWS = YES;
				GENERATE_INFOPLIST_FILE = YES;
				INFOPLIST_FILE = Pepperush/Info.plist;
				INFOPLIST_KEY_CFBundleDisplayName = "Chili Carnival";
				INFOPLIST_KEY_NSCameraUsageDescription = "This app requires access to the camera to allow you to take profile pictures and update your avatar.";
				INFOPLIST_KEY_NSPhotoLibraryAddUsageDescription = "The app needs access to your gallery to select images.";
				INFOPLIST_KEY_UIApplicationSupportsIndirectInputEvents = YES;
				INFOPLIST_KEY_UILaunchScreen_Generation = YES;
				INFOPLIST_KEY_UISupportedInterfaceOrientations = UIInterfaceOrientationPortrait;
				INFOPLIST_KEY_UISupportedInterfaceOrientations_iPad = "UIInterfaceOrientationLandscapeLeft UIInterfaceOrientationLandscapeRight UIInterfaceOrientationPortrait UIInterfaceOrientationPortraitUpsideDown";
				IPHONEOS_DEPLOYMENT_TARGET = 16.6;
				LD_RUNPATH_SEARCH_PATHS = (
					"$(inherited)",
					"@executable_path/Frameworks",
				);
				MARKETING_VERSION = 1.0;
				PRODUCT_BUNDLE_IDENTIFIER = com.raisamelnyk.chilicarnival;
				PRODUCT_NAME = "$(TARGET_NAME)";
				PROVISIONING_PROFILE_SPECIFIER = "";
				SUPPORTED_PLATFORMS = "iphoneos iphonesimulator";
				SUPPORTS_MACCATALYST = NO;
				SUPPORTS_MAC_DESIGNED_FOR_IPHONE_IPAD = NO;
				SUPPORTS_XR_DESIGNED_FOR_IPHONE_IPAD = NO;
				SWIFT_EMIT_LOC_STRINGS = YES;
				SWIFT_VERSION = 5.0;
				TARGETED_DEVICE_FAMILY = 1;
			};
			name = Debug;
		};
		75798FEA2EC396CF0035CD48 /* Release */ = {
			isa = XCBuildConfiguration;
			buildSettings = {
				ASSETCATALOG_COMPILER_APPICON_NAME = AppIcon;
				ASSETCATALOG_COMPILER_GLOBAL_ACCENT_COLOR_NAME = AccentColor;
				CODE_SIGN_ENTITLEMENTS = Pepperush/Pepperush.entitlements;
				CODE_SIGN_IDENTITY = "Apple Development";
				CODE_SIGN_STYLE = Automatic;
				CURRENT_PROJECT_VERSION = 3;
				DEVELOPMENT_TEAM = "";
				ENABLE_PREVIEWS = YES;
				GENERATE_INFOPLIST_FILE = YES;
				INFOPLIST_FILE = Pepperush/Info.plist;
				INFOPLIST_KEY_CFBundleDisplayName = "Chili Carnival";
				INFOPLIST_KEY_NSCameraUsageDescription = "This app requires access to the camera to allow you to take profile pictures and update your avatar.";
				INFOPLIST_KEY_NSPhotoLibraryAddUsageDescription = "The app needs access to your gallery to select images.";
				INFOPLIST_KEY_UIApplicationSupportsIndirectInputEvents = YES;
				INFOPLIST_KEY_UILaunchScreen_Generation = YES;
				INFOPLIST_KEY_UISupportedInterfaceOrientations = UIInterfaceOrientationPortrait;
				INFOPLIST_KEY_UISupportedInterfaceOrientations_iPad = "UIInterfaceOrientationLandscapeLeft UIInterfaceOrientationLandscapeRight UIInterfaceOrientationPortrait UIInterfaceOrientationPortraitUpsideDown";
				IPHONEOS_DEPLOYMENT_TARGET = 16.6;
				LD_RUNPATH_SEARCH_PATHS = (
					"$(inherited)",
					"@executable_path/Frameworks",
				);
				MARKETING_VERSION = 1.0;
				PRODUCT_BUNDLE_IDENTIFIER = com.raisamelnyk.chilicarnival;
				PRODUCT_NAME = "$(TARGET_NAME)";
				PROVISIONING_PROFILE_SPECIFIER = "";
				SUPPORTED_PLATFORMS = "iphoneos iphonesimulator";
				SUPPORTS_MACCATALYST = NO;
				SUPPORTS_MAC_DESIGNED_FOR_IPHONE_IPAD = NO;
				SUPPORTS_XR_DESIGNED_FOR_IPHONE_IPAD = NO;
				SWIFT_EMIT_LOC_STRINGS = YES;
				SWIFT_VERSION = 5.0;
				TARGETED_DEVICE_FAMILY = 1;
			};
			name = Release;
		};
/* End XCBuildConfiguration section */

/* Begin XCConfigurationList section */
		75798FD82EC396CE0035CD48 /* Build configuration list for PBXProject "Pepperush" */ = {
			isa = XCConfigurationList;
			buildConfigurations = (
				75798FE62EC396CF0035CD48 /* Debug */,
				75798FE72EC396CF0035CD48 /* Release */,
			);
			defaultConfigurationIsVisible = 0;
			defaultConfigurationName = Release;
		};
		75798FE82EC396CF0035CD48 /* Build configuration list for PBXNativeTarget "Pepperush" */ = {
			isa = XCConfigurationList;
			buildConfigurations = (
				75798FE92EC396CF0035CD48 /* Debug */,
				75798FEA2EC396CF0035CD48 /* Release */,
			);
			defaultConfigurationIsVisible = 0;
			defaultConfigurationName = Release;
		};
/* End XCConfigurationList section */

/* Begin XCRemoteSwiftPackageReference section */
		75799C0A2ECB33DE0035CD48 /* XCRemoteSwiftPackageReference "OneSignal-iOS-SDK" */ = {
			isa = XCRemoteSwiftPackageReference;
			repositoryURL = "https://github.com/OneSignal/OneSignal-iOS-SDK.git";
			requirement = {
				kind = versionRange;
				maximumVersion = 4.0.0;
				minimumVersion = 3.0.0;
			};
		};
/* End XCRemoteSwiftPackageReference section */

/* Begin XCSwiftPackageProductDependency section */
		75799C0B2ECB33DE0035CD48 /* OneSignal */ = {
			isa = XCSwiftPackageProductDependency;
			package = 75799C0A2ECB33DE0035CD48 /* XCRemoteSwiftPackageReference "OneSignal-iOS-SDK" */;
			productName = OneSignal;
		};
		75799C0D2ECB33DE0035CD48 /* OneSignalExtension */ = {
			isa = XCSwiftPackageProductDependency;
			package = 75799C0A2ECB33DE0035CD48 /* XCRemoteSwiftPackageReference "OneSignal-iOS-SDK" */;
			productName = OneSignalExtension;
		};
/* End XCSwiftPackageProductDependency section */
	};
	rootObject = 75798FD52EC396CE0035CD48 /* Project object */;
}
